Microsoft Visual Studio Solution File, Format Version 12.00
# Visual Studio 2012
Project("{FAE04EC0-301F-11D3-BF4B-00C04F79EFBC}") = "isometric 3d", "isometric 3d.csproj", "{3009594D-7BB3-499F-A3A4-FD691F1D7B05}"
EndProject
Global
	GlobalSection(SolutionConfigurationPlatforms) = preSolution
	Debug|Any CPU = Debug|Any CPU
	ExportDebug|Any CPU = ExportDebug|Any CPU
	ExportRelease|Any CPU = ExportRelease|Any CPU
	EndGlobalSection
	GlobalSection(ProjectConfigurationPlatforms) = postSolution
		{3009594D-7BB3-499F-A3A4-FD691F1D7B05}.Debug|Any CPU.ActiveCfg = Debug|Any CPU
		{3009594D-7BB3-499F-A3A4-FD691F1D7B05}.Debug|Any CPU.Build.0 = Debug|Any CPU
		{3009594D-7BB3-499F-A3A4-FD691F1D7B05}.ExportDebug|Any CPU.ActiveCfg = ExportDebug|Any CPU
		{3009594D-7BB3-499F-A3A4-FD691F1D7B05}.ExportDebug|Any CPU.Build.0 = ExportDebug|Any CPU
		{3009594D-7BB3-499F-A3A4-FD691F1D7B05}.ExportRelease|Any CPU.ActiveCfg = ExportRelease|Any CPU
		{3009594D-7BB3-499F-A3A4-FD691F1D7B05}.ExportRelease|Any CPU.Build.0 = ExportRelease|Any CPU
	EndGlobalSection
EndGlobal
